version = 1
revision = 3
requires-python = ">=3.10"
resolution-markers = [
    "python_full_version >= '3.11'",
    "python_full_version < '3.11'",
]

[[package]]
name = "audio-py"
version = "0.1.0"
source = { virtual = "." }
dependencies = [
    { name = "numpy" },
    { name = "pyaudio" },
    { name = "pyside6" },
    { name = "rubberband" },
]

[package.metadata]
requires-dist = [
    { name = "numpy", specifier = "==1.26.4" },
    { name = "pyaudio" },
    { name = "pyside6" },
    { name = "rubberband", specifier = ">=1.0.2" },
]

[[package]]
name = "numpy"
version = "1.26.4"
source = { registry = "https://pypi.org/simple" }
sdist = { url = "https://files.pythonhosted.org/packages/65/6e/09db70a523a96d25e115e71cc56a6f9031e7b8cd166c1ac8438307c14058/numpy-1.26.4.tar.gz", hash = "sha256:2a02aba9ed12e4ac4eb3ea9421c420301a0c6460d9830d74a9df87efa4912010", size = 15786129, upload-time = "2024-02-06T00:26:44.495Z" }
wheels = [
    { url = "https://files.pythonhosted.org/packages/a7/94/ace0fdea5241a27d13543ee117cbc65868e82213fb31a8eb7fe9ff23f313/numpy-1.26.4-cp310-cp310-macosx_10_9_x86_64.whl", hash = "sha256:9ff0f4f29c51e2803569d7a51c2304de5554655a60c5d776e35b4a41413830d0", size = 20631468, upload-time = "2024-02-05T23:48:01.194Z" },
    { url = "https://files.pythonhosted.org/packages/20/f7/b24208eba89f9d1b58c1668bc6c8c4fd472b20c45573cb767f59d49fb0f6/numpy-1.26.4-cp310-cp310-macosx_11_0_arm64.whl", hash = "sha256:2e4ee3380d6de9c9ec04745830fd9e2eccb3e6cf790d39d7b98ffd19b0dd754a", size = 13966411, upload-time = "2024-02-05T23:48:29.038Z" },
    { url = "https://files.pythonhosted.org/packages/fc/a5/4beee6488160798683eed5bdb7eead455892c3b4e1f78d79d8d3f3b084ac/numpy-1.26.4-cp310-cp310-manylinux_2_17_aarch64.manylinux2014_aarch64.whl", hash = "sha256:d209d8969599b27ad20994c8e41936ee0964e6da07478d6c35016bc386b66ad4", size = 14219016, upload-time = "2024-02-05T23:48:54.098Z" },
    { url = "https://files.pythonhosted.org/packages/4b/d7/ecf66c1cd12dc28b4040b15ab4d17b773b87fa9d29ca16125de01adb36cd/numpy-1.26.4-cp310-cp310-manylinux_2_17_x86_64.manylinux2014_x86_64.whl", hash = "sha256:ffa75af20b44f8dba823498024771d5ac50620e6915abac414251bd971b4529f", size = 18240889, upload-time = "2024-02-05T23:49:25.361Z" },
    { url = "https://files.pythonhosted.org/packages/24/03/6f229fe3187546435c4f6f89f6d26c129d4f5bed40552899fcf1f0bf9e50/numpy-1.26.4-cp310-cp310-musllinux_1_1_aarch64.whl", hash = "sha256:62b8e4b1e28009ef2846b4c7852046736bab361f7aeadeb6a5b89ebec3c7055a", size = 13876746, upload-time = "2024-02-05T23:49:51.983Z" },
    { url = "https://files.pythonhosted.org/packages/39/fe/39ada9b094f01f5a35486577c848fe274e374bbf8d8f472e1423a0bbd26d/numpy-1.26.4-cp310-cp310-musllinux_1_1_x86_64.whl", hash = "sha256:a4abb4f9001ad2858e7ac189089c42178fcce737e4169dc61321660f1a96c7d2", size = 18078620, upload-time = "2024-02-05T23:50:22.515Z" },
    { url = "https://files.pythonhosted.org/packages/d5/ef/6ad11d51197aad206a9ad2286dc1aac6a378059e06e8cf22cd08ed4f20dc/numpy-1.26.4-cp310-cp310-win32.whl", hash = "sha256:bfe25acf8b437eb2a8b2d49d443800a5f18508cd811fea3181723922a8a82b07", size = 5972659, upload-time = "2024-02-05T23:50:35.834Z" },
    { url = "https://files.pythonhosted.org/packages/19/77/538f202862b9183f54108557bfda67e17603fc560c384559e769321c9d92/numpy-1.26.4-cp310-cp310-win_amd64.whl", hash = "sha256:b97fe8060236edf3662adfc2c633f56a08ae30560c56310562cb4f95500022d5", size = 15808905, upload-time = "2024-02-05T23:51:03.701Z" },
    { url = "https://files.pythonhosted.org/packages/11/57/baae43d14fe163fa0e4c47f307b6b2511ab8d7d30177c491960504252053/numpy-1.26.4-cp311-cp311-macosx_10_9_x86_64.whl", hash = "sha256:4c66707fabe114439db9068ee468c26bbdf909cac0fb58686a42a24de1760c71", size = 20630554, upload-time = "2024-02-05T23:51:50.149Z" },
    { url = "https://files.pythonhosted.org/packages/1a/2e/151484f49fd03944c4a3ad9c418ed193cfd02724e138ac8a9505d056c582/numpy-1.26.4-cp311-cp311-macosx_11_0_arm64.whl", hash = "sha256:edd8b5fe47dab091176d21bb6de568acdd906d1887a4584a15a9a96a1dca06ef", size = 13997127, upload-time = "2024-02-05T23:52:15.314Z" },
    { url = "https://files.pythonhosted.org/packages/79/ae/7e5b85136806f9dadf4878bf73cf223fe5c2636818ba3ab1c585d0403164/numpy-1.26.4-cp311-cp311-manylinux_2_17_aarch64.manylinux2014_aarch64.whl", hash = "sha256:7ab55401287bfec946ced39700c053796e7cc0e3acbef09993a9ad2adba6ca6e", size = 14222994, upload-time = "2024-02-05T23:52:47.569Z" },
    { url = "https://files.pythonhosted.org/packages/3a/d0/edc009c27b406c4f9cbc79274d6e46d634d139075492ad055e3d68445925/numpy-1.26.4-cp311-cp311-manylinux_2_17_x86_64.manylinux2014_x86_64.whl", hash = "sha256:666dbfb6ec68962c033a450943ded891bed2d54e6755e35e5835d63f4f6931d5", size = 18252005, upload-time = "2024-02-05T23:53:15.637Z" },
    { url = "https://files.pythonhosted.org/packages/09/bf/2b1aaf8f525f2923ff6cfcf134ae5e750e279ac65ebf386c75a0cf6da06a/numpy-1.26.4-cp311-cp311-musllinux_1_1_aarch64.whl", hash = "sha256:96ff0b2ad353d8f990b63294c8986f1ec3cb19d749234014f4e7eb0112ceba5a", size = 13885297, upload-time = "2024-02-05T23:53:42.16Z" },
    { url = "https://files.pythonhosted.org/packages/df/a0/4e0f14d847cfc2a633a1c8621d00724f3206cfeddeb66d35698c4e2cf3d2/numpy-1.26.4-cp311-cp311-musllinux_1_1_x86_64.whl", hash = "sha256:60dedbb91afcbfdc9bc0b1f3f402804070deed7392c23eb7a7f07fa857868e8a", size = 18093567, upload-time = "2024-02-05T23:54:11.696Z" },
    { url = "https://files.pythonhosted.org/packages/d2/b7/a734c733286e10a7f1a8ad1ae8c90f2d33bf604a96548e0a4a3a6739b468/numpy-1.26.4-cp311-cp311-win32.whl", hash = "sha256:1af303d6b2210eb850fcf03064d364652b7120803a0b872f5211f5234b399f20", size = 5968812, upload-time = "2024-02-05T23:54:26.453Z" },
    { url = "https://files.pythonhosted.org/packages/3f/6b/5610004206cf7f8e7ad91c5a85a8c71b2f2f8051a0c0c4d5916b76d6cbb2/numpy-1.26.4-cp311-cp311-win_amd64.whl", hash = "sha256:cd25bcecc4974d09257ffcd1f098ee778f7834c3ad767fe5db785be9a4aa9cb2", size = 15811913, upload-time = "2024-02-05T23:54:53.933Z" },
    { url = "https://files.pythonhosted.org/packages/95/12/8f2020a8e8b8383ac0177dc9570aad031a3beb12e38847f7129bacd96228/numpy-1.26.4-cp312-cp312-macosx_10_9_x86_64.whl", hash = "sha256:b3ce300f3644fb06443ee2222c2201dd3a89ea6040541412b8fa189341847218", size = 20335901, upload-time = "2024-02-05T23:55:32.801Z" },
    { url = "https://files.pythonhosted.org/packages/75/5b/ca6c8bd14007e5ca171c7c03102d17b4f4e0ceb53957e8c44343a9546dcc/numpy-1.26.4-cp312-cp312-macosx_11_0_arm64.whl", hash = "sha256:03a8c78d01d9781b28a6989f6fa1bb2c4f2d51201cf99d3dd875df6fbd96b23b", size = 13685868, upload-time = "2024-02-05T23:55:56.28Z" },
    { url = "https://files.pythonhosted.org/packages/79/f8/97f10e6755e2a7d027ca783f63044d5b1bc1ae7acb12afe6a9b4286eac17/numpy-1.26.4-cp312-cp312-manylinux_2_17_aarch64.manylinux2014_aarch64.whl", hash = "sha256:9fad7dcb1aac3c7f0584a5a8133e3a43eeb2fe127f47e3632d43d677c66c102b", size = 13925109, upload-time = "2024-02-05T23:56:20.368Z" },
    { url = "https://files.pythonhosted.org/packages/0f/50/de23fde84e45f5c4fda2488c759b69990fd4512387a8632860f3ac9cd225/numpy-1.26.4-cp312-cp312-manylinux_2_17_x86_64.manylinux2014_x86_64.whl", hash = "sha256:675d61ffbfa78604709862923189bad94014bef562cc35cf61d3a07bba02a7ed", size = 17950613, upload-time = "2024-02-05T23:56:56.054Z" },
    { url = "https://files.pythonhosted.org/packages/4c/0c/9c603826b6465e82591e05ca230dfc13376da512b25ccd0894709b054ed0/numpy-1.26.4-cp312-cp312-musllinux_1_1_aarch64.whl", hash = "sha256:ab47dbe5cc8210f55aa58e4805fe224dac469cde56b9f731a4c098b91917159a", size = 13572172, upload-time = "2024-02-05T23:57:21.56Z" },
    { url = "https://files.pythonhosted.org/packages/76/8c/2ba3902e1a0fc1c74962ea9bb33a534bb05984ad7ff9515bf8d07527cadd/numpy-1.26.4-cp312-cp312-musllinux_1_1_x86_64.whl", hash = "sha256:1dda2e7b4ec9dd512f84935c5f126c8bd8b9f2fc001e9f54af255e8c5f16b0e0", size = 17786643, upload-time = "2024-02-05T23:57:56.585Z" },
    { url = "https://files.pythonhosted.org/packages/28/4a/46d9e65106879492374999e76eb85f87b15328e06bd1550668f79f7b18c6/numpy-1.26.4-cp312-cp312-win32.whl", hash = "sha256:50193e430acfc1346175fcbdaa28ffec49947a06918b7b92130744e81e640110", size = 5677803, upload-time = "2024-02-05T23:58:08.963Z" },
    { url = "https://files.pythonhosted.org/packages/16/2e/86f24451c2d530c88daf997cb8d6ac622c1d40d19f5a031ed68a4b73a374/numpy-1.26.4-cp312-cp312-win_amd64.whl", hash = "sha256:08beddf13648eb95f8d867350f6a018a4be2e5ad54c8d8caed89ebca558b2818", size = 15517754, upload-time = "2024-02-05T23:58:36.364Z" },
]

[[package]]
name = "pyaudio"
version = "0.2.14"
source = { registry = "https://pypi.org/simple" }
sdist = { url = "https://files.pythonhosted.org/packages/26/1d/8878c7752febb0f6716a7e1a52cb92ac98871c5aa522cba181878091607c/PyAudio-0.2.14.tar.gz", hash = "sha256:78dfff3879b4994d1f4fc6485646a57755c6ee3c19647a491f790a0895bd2f87", size = 47066, upload-time = "2023-11-07T07:11:48.806Z" }
wheels = [
    { url = "https://files.pythonhosted.org/packages/90/90/1553487277e6aa25c0b7c2c38709cdd2b49e11c66c0b25c6e8b7b6638c72/PyAudio-0.2.14-cp310-cp310-win32.whl", hash = "sha256:126065b5e82a1c03ba16e7c0404d8f54e17368836e7d2d92427358ad44fefe61", size = 144624, upload-time = "2023-11-07T07:11:33.599Z" },
    { url = "https://files.pythonhosted.org/packages/27/bc/719d140ee63cf4b0725016531d36743a797ffdbab85e8536922902c9349a/PyAudio-0.2.14-cp310-cp310-win_amd64.whl", hash = "sha256:2a166fc88d435a2779810dd2678354adc33499e9d4d7f937f28b20cc55893e83", size = 164069, upload-time = "2023-11-07T07:11:35.439Z" },
    { url = "https://files.pythonhosted.org/packages/7b/f0/b0eab89eafa70a86b7b566a4df2f94c7880a2d483aa8de1c77d335335b5b/PyAudio-0.2.14-cp311-cp311-win32.whl", hash = "sha256:506b32a595f8693811682ab4b127602d404df7dfc453b499c91a80d0f7bad289", size = 144624, upload-time = "2023-11-07T07:11:36.94Z" },
    { url = "https://files.pythonhosted.org/packages/82/d8/f043c854aad450a76e476b0cf9cda1956419e1dacf1062eb9df3c0055abe/PyAudio-0.2.14-cp311-cp311-win_amd64.whl", hash = "sha256:bbeb01d36a2f472ae5ee5e1451cacc42112986abe622f735bb870a5db77cf903", size = 164070, upload-time = "2023-11-07T07:11:38.579Z" },
    { url = "https://files.pythonhosted.org/packages/8d/45/8d2b76e8f6db783f9326c1305f3f816d4a12c8eda5edc6a2e1d03c097c3b/PyAudio-0.2.14-cp312-cp312-win32.whl", hash = "sha256:5fce4bcdd2e0e8c063d835dbe2860dac46437506af509353c7f8114d4bacbd5b", size = 144750, upload-time = "2023-11-07T07:11:40.142Z" },
    { url = "https://files.pythonhosted.org/packages/b0/6a/d25812e5f79f06285767ec607b39149d02aa3b31d50c2269768f48768930/PyAudio-0.2.14-cp312-cp312-win_amd64.whl", hash = "sha256:12f2f1ba04e06ff95d80700a78967897a489c05e093e3bffa05a84ed9c0a7fa3", size = 164126, upload-time = "2023-11-07T07:11:41.539Z" },
    { url = "https://files.pythonhosted.org/packages/3a/77/66cd37111a87c1589b63524f3d3c848011d21ca97828422c7fde7665ff0d/PyAudio-0.2.14-cp313-cp313-win32.whl", hash = "sha256:95328285b4dab57ea8c52a4a996cb52be6d629353315be5bfda403d15932a497", size = 150982, upload-time = "2024-11-20T19:12:12.404Z" },
    { url = "https://files.pythonhosted.org/packages/a5/8b/7f9a061c1cc2b230f9ac02a6003fcd14c85ce1828013aecbaf45aa988d20/PyAudio-0.2.14-cp313-cp313-win_amd64.whl", hash = "sha256:692d8c1446f52ed2662120bcd9ddcb5aa2b71f38bda31e58b19fb4672fffba69", size = 173655, upload-time = "2024-11-20T19:12:13.616Z" },
]

[[package]]
name = "pyside6"
version = "6.10.2"
source = { registry = "https://pypi.org/simple" }
dependencies = [
    { name = "pyside6-addons" },
    { name = "pyside6-essentials" },
    { name = "shiboken6" },
]
wheels = [
    { url = "https://files.pythonhosted.org/packages/35/0f/5736889fc850794623692cb369e295a994175e51295fa52134626f486296/pyside6-6.10.2-cp39-abi3-macosx_13_0_universal2.whl", hash = "sha256:4b084293caa7845d0064aaf6af258e0f7caae03a14a33537d0a552131afddaf0", size = 563185, upload-time = "2026-02-02T08:50:47.161Z" },
    { url = "https://files.pythonhosted.org/packages/35/d3/ab5cd2fac3d34469c7376e0cd18eec92905dbe44748c70bda7699a2a7206/pyside6-6.10.2-cp39-abi3-manylinux_2_34_x86_64.whl", hash = "sha256:1b89ce8558d4b4f35b85bff1db90d680912e4d3ce9e79ff804d6fef1d1a151ef", size = 563357, upload-time = "2026-02-02T08:50:48.919Z" },
    { url = "https://files.pythonhosted.org/packages/ea/8c/55bbd50c138c8dc12edc9f25e9d94760a33e574905468e98dff399094baa/pyside6-6.10.2-cp39-abi3-manylinux_2_39_aarch64.whl", hash = "sha256:0439f5e9b10ebe6177981bac9e219096ec970ac6ec215bef055279802ba50601", size = 563357, upload-time = "2026-02-02T08:50:50.077Z" },
    { url = "https://files.pythonhosted.org/packages/4f/d4/673b8112b4a260377f760be835c4e357163fdaf68a56a1aec59aeb8e584b/pyside6-6.10.2-cp39-abi3-win_amd64.whl", hash = "sha256:032bad6b18a17fcbf4dddd0397f49b07f8aae7f1a45b7e4de7037bf7fd6e0edf", size = 569554, upload-time = "2026-02-02T08:50:51.147Z" },
    { url = "https://files.pythonhosted.org/packages/14/95/bda648fcccf61fe58cb417284716ae30acdddd44f7d4cbad6eea4ccaa872/pyside6-6.10.2-cp39-abi3-win_arm64.whl", hash = "sha256:65a59ad0bc92525639e3268d590948ce07a80ee97b55e7a9200db41d493cac31", size = 553828, upload-time = "2026-02-02T08:50:52.244Z" },
]

[[package]]
name = "pyside6-addons"
version = "6.10.2"
source = { registry = "https://pypi.org/simple" }
dependencies = [
    { name = "pyside6-essentials" },
    { name = "shiboken6" },
]
wheels = [
    { url = "https://files.pythonhosted.org/packages/61/06/c283567628ffa2cefc3c72374ad607f1dfc9842a03db65f1347b9ae52bee/pyside6_addons-6.10.2-cp39-abi3-macosx_13_0_universal2.whl", hash = "sha256:0de7d0c9535e17d5e3b634b61314a1867f3b0f6d35c3d7cdc99efc353192faff", size = 322745605, upload-time = "2026-02-02T08:39:19.929Z" },
    { url = "https://files.pythonhosted.org/packages/a5/69/e1ab8c756fd3984b1fd7b186446227f524f6b561160bfbfdba8874b4709a/pyside6_addons-6.10.2-cp39-abi3-manylinux_2_34_x86_64.whl", hash = "sha256:030a851163b51dbf0063be59e9ddb6a9e760bde89a28e461ccc81a224d286eaf", size = 170718434, upload-time = "2026-02-02T08:40:55.989Z" },
    { url = "https://files.pythonhosted.org/packages/df/e5/18ba86ba86d1231c486d36f9accfe862ed6eb52ca0b698aeaf6e837a87ca/pyside6_addons-6.10.2-cp39-abi3-manylinux_2_39_aarch64.whl", hash = "sha256:fcee0373e3fd7b98f014094e5e37b4a39e4de7c5a47c13f654a7d557d4a426ad", size = 166423836, upload-time = "2026-02-02T08:42:44.918Z" },
    { url = "https://files.pythonhosted.org/packages/99/13/503bec9201881968c372cb634069535e80aec2489f3907d676e151a1023f/pyside6_addons-6.10.2-cp39-abi3-win_amd64.whl", hash = "sha256:c20150068525a17494f3b6576c5d61c417cf9a5870659e29f5ebd83cd20a78ea", size = 164712775, upload-time = "2026-02-02T08:43:23.729Z" },
    { url = "https://files.pythonhosted.org/packages/b6/39/44d6710b4dd18d745077b5fc6ded4ba6f32987a6e49c5834529e50f02155/pyside6_addons-6.10.2-cp39-abi3-win_arm64.whl", hash = "sha256:3d18db739b46946ba7b722d8ad4cc2097135033aa6ea57076e64d591e6a345f3", size = 34041396, upload-time = "2026-02-02T08:43:31.246Z" },
]

[[package]]
name = "pyside6-essentials"
version = "6.10.2"
source = { registry = "https://pypi.org/simple" }
dependencies = [
    { name = "shiboken6" },
]
wheels = [
    { url = "https://files.pythonhosted.org/packages/1d/2e/5f18a77f5e0bd730bacec93a690d0ef3c96a9711d213653eacecbf241b8d/pyside6_essentials-6.10.2-cp39-abi3-macosx_13_0_universal2.whl", hash = "sha256:1dee2cb9803ff135f881dadeb5c0edcef793d1ec4f8a9140a1348cecb71074e1", size = 105913067, upload-time = "2026-02-02T08:45:37.508Z" },
    { url = "https://files.pythonhosted.org/packages/99/20/3a6ca95052e1744b5a3eba164e2dd451d358a3dcaf78179de4b45c8e3f47/pyside6_essentials-6.10.2-cp39-abi3-manylinux_2_34_x86_64.whl", hash = "sha256:660aea45bfa36f1e06f799b934c2a7df963bd31abc5083e8bb8a5bfaef45686b", size = 77027153, upload-time = "2026-02-02T08:45:53.09Z" },
    { url = "https://files.pythonhosted.org/packages/93/a6/6073e4ddc2a5c7b3941606e4bc8bbaadcf0737f57450620b0793041c8d22/pyside6_essentials-6.10.2-cp39-abi3-manylinux_2_39_aarch64.whl", hash = "sha256:c2b028e4c6f8047a02c31f373408e23b4eedfd405f56c6aba8d0525c29472835", size = 76114242, upload-time = "2026-02-02T08:46:07.184Z" },
    { url = "https://files.pythonhosted.org/packages/22/a8/616bbbd009efd3e17bf9a2db09d90c6764c010565cd2bdea2a240bfd18f7/pyside6_essentials-6.10.2-cp39-abi3-win_amd64.whl", hash = "sha256:0741018c2b6395038cad4c41775cfae3f13a409e87995ac9f7d89e5b1fb6b22a", size = 74546490, upload-time = "2026-02-02T08:46:26.395Z" },
    { url = "https://files.pythonhosted.org/packages/b9/f9/c9757a984c4ffb6d12fab69e966d95dfc862a5d44e12b7900f3a03780b76/pyside6_essentials-6.10.2-cp39-abi3-win_arm64.whl", hash = "sha256:db5f4913648bb6afddb8b347edae151ee2378f12bceb03c8b2515a530a4b38d9", size = 55258626, upload-time = "2026-02-02T08:46:36.788Z" },
]

[[package]]
name = "rubberband"
version = "1.0.2"
source = { registry = "https://pypi.org/simple" }
sdist = { url = "https://files.pythonhosted.org/packages/28/40/955257a03c46146fe2fc523323bbf9f0a7dbc84812dc4f0161c622b0a951/rubberband-1.0.2.tar.gz", hash = "sha256:c569c1017be16f712a26cce45914ee6da3832f062fedd2aa08e2377580a93e12", size = 99425, upload-time = "2020-04-18T23:07:04.635Z" }

[[package]]
name = "shiboken6"
version = "6.10.2"
source = { registry = "https://pypi.org/simple" }
wheels = [
    { url = "https://files.pythonhosted.org/packages/fb/38/3912eb08a3b865b5fcdb4bdce8076cacc211986cee587f5cb62e637791af/shiboken6-6.10.2-cp39-abi3-macosx_13_0_universal2.whl", hash = "sha256:3bd4e94e9a3c8c1fa8362fd752d399ef39265d5264e4e37bae61cdaa2a00c8c7", size = 479829, upload-time = "2026-02-02T08:50:22.495Z" },
    { url = "https://files.pythonhosted.org/packages/52/88/292e0576489c46624ab419ee284ac5a59ae10e2eb34a58b6abca51dfd290/shiboken6-6.10.2-cp39-abi3-manylinux_2_34_x86_64.whl", hash = "sha256:ace0790032d9cb0adda644b94ee28d59410180d9773643bb6cf8438c361987ad", size = 273052, upload-time = "2026-02-02T08:50:24.539Z" },
    { url = "https://files.pythonhosted.org/packages/06/c2/03d44d34e8264e1f25671677fece95b414c70fd85dcc2be8d5e821ee2628/shiboken6-6.10.2-cp39-abi3-manylinux_2_39_aarch64.whl", hash = "sha256:f74d3ed1f92658077d0630c39e694eb043aeb1d830a5d275176c45d07147427f", size = 269868, upload-time = "2026-02-02T08:50:25.662Z" },
    { url = "https://files.pythonhosted.org/packages/71/5d/5ca52c0ef86b3d01572131b6709bd531a080995f7e680720e9424328ce1d/shiboken6-6.10.2-cp39-abi3-win_amd64.whl", hash = "sha256:10f3c8c5e1b8bee779346f21c10dbc14cff068f0b0b4e62420c82a6bf36ac2e7", size = 1222052, upload-time = "2026-02-02T08:50:27.502Z" },
    { url = "https://files.pythonhosted.org/packages/46/52/421fd378313c89b67ee7d584bf4e9ec088fa1804891b8d74e02b16703457/shiboken6-6.10.2-cp39-abi3-win_arm64.whl", hash = "sha256:20c671645d70835af212ee05df60361d734c5305edb2746e9875c6a31283f963", size = 1784089, upload-time = "2026-02-02T08:50:29.069Z" },
]
